
Microsoft Visual Studio Solution File, Format Version 12.00
# Visual Studio Version 16
VisualStudioVersion = 16.0.30907.101
MinimumVisualStudioVersion = 10.0.40219.1
Project("{FAE04EC0-301F-11D3-BF4B-00C04F79EFBC}") = "Task_Manager", "Task_Manager\Task_Manager.csproj", "{3C05EE5C-1E69-48CE-8CFF-9361FD9FE72B}"
EndProject
Project("{FAE04EC0-301F-11D3-BF4B-00C04F79EFBC}") = "lesson6", "lesson6\lesson6.csproj", "{CBC82D01-6FC2-471F-BE5E-412AB5A58FE6}"
EndProject
Project("{FAE04EC0-301F-11D3-BF4B-00C04F79EFBC}") = "Calculator", "Calculator\Calculator.csproj", "{230EA8F7-EAF2-47BA-BF4E-9018013C8FAE}"
EndProject
Global
	GlobalSection(SolutionConfigurationPlatforms) = preSolution
		Debug|Any CPU = Debug|Any CPU
		Release|Any CPU = Release|Any CPU
	EndGlobalSection
	GlobalSection(ProjectConfigurationPlatforms) = postSolution
		{3C05EE5C-1E69-48CE-8CFF-9361FD9FE72B}.Debug|Any CPU.ActiveCfg = Debug|Any CPU
		{3C05EE5C-1E69-48CE-8CFF-9361FD9FE72B}.Debug|Any CPU.Build.0 = Debug|Any CPU
		{3C05EE5C-1E69-48CE-8CFF-9361FD9FE72B}.Release|Any CPU.ActiveCfg = Release|Any CPU
		{3C05EE5C-1E69-48CE-8CFF-9361FD9FE72B}.Release|Any CPU.Build.0 = Release|Any CPU
		{CBC82D01-6FC2-471F-BE5E-412AB5A58FE6}.Debug|Any CPU.ActiveCfg = Debug|Any CPU
		{CBC82D01-6FC2-471F-BE5E-412AB5A58FE6}.Debug|Any CPU.Build.0 = Debug|Any CPU
		{CBC82D01-6FC2-471F-BE5E-412AB5A58FE6}.Release|Any CPU.ActiveCfg = Release|Any CPU
		{CBC82D01-6FC2-471F-BE5E-412AB5A58FE6}.Release|Any CPU.Build.0 = Release|Any CPU
		{230EA8F7-EAF2-47BA-BF4E-9018013C8FAE}.Debug|Any CPU.ActiveCfg = Debug|Any CPU
		{230EA8F7-EAF2-47BA-BF4E-9018013C8FAE}.Debug|Any CPU.Build.0 = Debug|Any CPU
		{230EA8F7-EAF2-47BA-BF4E-9018013C8FAE}.Release|Any CPU.ActiveCfg = Release|Any CPU
		{230EA8F7-EAF2-47BA-BF4E-9018013C8FAE}.Release|Any CPU.Build.0 = Release|Any CPU
	EndGlobalSection
	GlobalSection(SolutionProperties) = preSolution
		HideSolutionNode = FALSE
	EndGlobalSection
	GlobalSection(ExtensibilityGlobals) = postSolution
		SolutionGuid = {199D7DE9-49F3-4856-BE7A-81CD60B39CA9}
	EndGlobalSection
EndGlobal
