
Microsoft Visual Studio Solution File, Format Version 12.00
# Visual Studio 15
VisualStudioVersion = 15.0.28307.1145
MinimumVisualStudioVersion = 10.0.40219.1
Project("{FAE04EC0-301F-11D3-BF4B-00C04F79EFBC}") = "Task2", "Task2\Task2.csproj", "{4CF7EEC1-F250-492D-8BB8-1D6385828FEA}"
EndProject
Global
	GlobalSection(SolutionConfigurationPlatforms) = preSolution
		Debug|Any CPU = Debug|Any CPU
		Release|Any CPU = Release|Any CPU
	EndGlobalSection
	GlobalSection(ProjectConfigurationPlatforms) = postSolution
		{4CF7EEC1-F250-492D-8BB8-1D6385828FEA}.Debug|Any CPU.ActiveCfg = Debug|Any CPU
		{4CF7EEC1-F250-492D-8BB8-1D6385828FEA}.Debug|Any CPU.Build.0 = Debug|Any CPU
		{4CF7EEC1-F250-492D-8BB8-1D6385828FEA}.Release|Any CPU.ActiveCfg = Release|Any CPU
		{4CF7EEC1-F250-492D-8BB8-1D6385828FEA}.Release|Any CPU.Build.0 = Release|Any CPU
	EndGlobalSection
	GlobalSection(SolutionProperties) = preSolution
		HideSolutionNode = FALSE
	EndGlobalSection
	GlobalSection(ExtensibilityGlobals) = postSolution
		SolutionGuid = {BBA7C272-CE73-48E4-8013-B1927491AB58}
	EndGlobalSection
EndGlobal
